PODS:
  - MJRefresh (3.4.1)
  - WSFKits (0.2.5):
    - WSFKits/Categories (= 0.2.5)
    - WSFKits/Classes (= 0.2.5)
    - WSFKits/Constants (= 0.2.5)
    - WSFKits/WSFListController (= 0.2.5)
  - WSFKits/Categories (0.2.5)
  - WSFKits/Classes (0.2.5)
  - WSFKits/Constants (0.2.5)
  - WSFKits/WSFListController (0.2.5):
    - MJRefresh (>= 3.1.12)

DEPENDENCIES:
  - WSFKits (from `../`)

SPEC REPOS:
  trunk:
    - MJRefresh

EXTERNAL SOURCES:
  WSFKits:
    :path: "../"

SPEC CHECKSUMS:
  MJRefresh: 3153c59a363159092c08b2177ec3a7d09f90bfaf
  WSFKits: fe7656607421b2710bc8e1eb2d76b2600123500c

PODFILE CHECKSUM: 16eee883c399e94c6d61e8efe340da26694718e7

COCOAPODS: 1.8.4
